// !$*UTF8*$!
{
	archiveVersion = 1;
	classes = {
	};
	objectVersion = 46;
	objects = {

/* Begin PBXBuildFile section */
		0A5B0E6A1D64FD3500AEBD86 /* Misery-Intro.mp3 in Resources */ = {isa = PBXBuildFile; fileRef = 0A5B0E691D64FD3500AEBD86 /* Misery-Intro.mp3 */; };
		0A82E3401D535FF000D6826F /* AppDelegate.swift in Sources */ = {isa = PBXBuildFile; fileRef = 0A82E33F1D535FF000D6826F /* AppDelegate.swift */; };
		0A82E3421D535FF000D6826F /* ViewController.swift in Sources */ = {isa = PBXBuildFile; fileRef = 0A82E3411D535FF000D6826F /* ViewController.swift */; };
		0A82E3451D535FF000D6826F /* Main.storyboard in Resources */ = {isa = PBXBuildFile; fileRef = 0A82E3431D535FF000D6826F /* Main.storyboard */; };
		0A82E3471D535FF000D6826F /* Assets.xcassets in Resources */ = {isa = PBXBuildFile; fileRef = 0A82E3461D535FF000D6826F /* Assets.xcassets */; };
		0A82E34A1D535FF000D6826F /* LaunchScreen.storyboard in Resources */ = {isa = PBXBuildFile; fileRef = 0A82E3481D535FF000D6826F /* LaunchScreen.storyboard */; };
		0A82E3521D53874F00D6826F /* SampleCell.swift in Sources */ = {isa = PBXBuildFile; fileRef = 0A82E3511D53874F00D6826F /* SampleCell.swift */; };
		0A82E3541D5387D900D6826F /* SampleViewController.swift in Sources */ = {isa = PBXBuildFile; fileRef = 0A82E3531D5387D900D6826F /* SampleViewController.swift */; };
		0A82E3581D538F6200D6826F /* Faint-Intro.mp3 in Resources */ = {isa = PBXBuildFile; fileRef = 0A82E3571D538F6200D6826F /* Faint-Intro.mp3 */; };
		0A82E35B1D53901900D6826F /* Samples.plist in Resources */ = {isa = PBXBuildFile; fileRef = 0A82E35A1D53901900D6826F /* Samples.plist */; };
		0A82E35D1D5390ED00D6826F /* TableViewController.swift in Sources */ = {isa = PBXBuildFile; fileRef = 0A82E35C1D5390ED00D6826F /* TableViewController.swift */; };
		0A82E3601D53CDCB00D6826F /* Sample.swift in Sources */ = {isa = PBXBuildFile; fileRef = 0A82E35F1D53CDCB00D6826F /* Sample.swift */; };
		0A82E3631D53F13800D6826F /* Faint-Breakdown.mp3 in Resources */ = {isa = PBXBuildFile; fileRef = 0A82E3611D53F13800D6826F /* Faint-Breakdown.mp3 */; };
		0A82E3641D53F13800D6826F /* Faint-Verse.mp3 in Resources */ = {isa = PBXBuildFile; fileRef = 0A82E3621D53F13800D6826F /* Faint-Verse.mp3 */; };
		0AC654A21D59789400F63B83 /* StayTogether-Verse.mp3 in Resources */ = {isa = PBXBuildFile; fileRef = 0AC654A11D59789400F63B83 /* StayTogether-Verse.mp3 */; };
/* End PBXBuildFile section */

/* Begin PBXFileReference section */
		0A5B0E691D64FD3500AEBD86 /* Misery-Intro.mp3 */ = {isa = PBXFileReference; lastKnownFileType = audio.mp3; path = "Misery-Intro.mp3"; sourceTree = "<group>"; };
		0A82E33C1D535FF000D6826F /* TheCarsonSampler.app */ = {isa = PBXFileReference; explicitFileType = wrapper.application; includeInIndex = 0; path = TheCarsonSampler.app; sourceTree = BUILT_PRODUCTS_DIR; };
		0A82E33F1D535FF000D6826F /* AppDelegate.swift */ = {isa = PBXFileReference; lastKnownFileType = sourcecode.swift; path = AppDelegate.swift; sourceTree = "<group>"; };
		0A82E3411D535FF000D6826F /* ViewController.swift */ = {isa = PBXFileReference; lastKnownFileType = sourcecode.swift; path = ViewController.swift; sourceTree = "<group>"; };
		0A82E3441D535FF000D6826F /* Base */ = {isa = PBXFileReference; lastKnownFileType = file.storyboard; name = Base; path = Base.lproj/Main.storyboard; sourceTree = "<group>"; };
		0A82E3461D535FF000D6826F /* Assets.xcassets */ = {isa = PBXFileReference; lastKnownFileType = folder.assetcatalog; path = Assets.xcassets; sourceTree = "<group>"; };
		0A82E3491D535FF000D6826F /* Base */ = {isa = PBXFileReference; lastKnownFileType = file.storyboard; name = Base; path = Base.lproj/LaunchScreen.storyboard; sourceTree = "<group>"; };
		0A82E34B1D535FF000D6826F /* Info.plist */ = {isa = PBXFileReference; lastKnownFileType = text.plist.xml; path = Info.plist; sourceTree = "<group>"; };
		0A82E3511D53874F00D6826F /* SampleCell.swift */ = {isa = PBXFileReference; fileEncoding = 4; lastKnownFileType = sourcecode.swift; path = SampleCell.swift; sourceTree = "<group>"; };
		0A82E3531D5387D900D6826F /* SampleViewController.swift */ = {isa = PBXFileReference; fileEncoding = 4; lastKnownFileType = sourcecode.swift; path = SampleViewController.swift; sourceTree = "<group>"; };
		0A82E3571D538F6200D6826F /* Faint-Intro.mp3 */ = {isa = PBXFileReference; lastKnownFileType = audio.mp3; path = "Faint-Intro.mp3"; sourceTree = "<group>"; };
		0A82E35A1D53901900D6826F /* Samples.plist */ = {isa = PBXFileReference; fileEncoding = 4; lastKnownFileType = text.plist.xml; path = Samples.plist; sourceTree = "<group>"; };
		0A82E35C1D5390ED00D6826F /* TableViewController.swift */ = {isa = PBXFileReference; fileEncoding = 4; lastKnownFileType = sourcecode.swift; path = TableViewController.swift; sourceTree = "<group>"; };
		0A82E35F1D53CDCB00D6826F /* Sample.swift */ = {isa = PBXFileReference; fileEncoding = 4; lastKnownFileType = sourcecode.swift; path = Sample.swift; sourceTree = "<group>"; };
		0A82E3611D53F13800D6826F /* Faint-Breakdown.mp3 */ = {isa = PBXFileReference; lastKnownFileType = audio.mp3; path = "Faint-Breakdown.mp3"; sourceTree = "<group>"; };
		0A82E3621D53F13800D6826F /* Faint-Verse.mp3 */ = {isa = PBXFileReference; lastKnownFileType = audio.mp3; path = "Faint-Verse.mp3"; sourceTree = "<group>"; };
		0AC654A11D59789400F63B83 /* StayTogether-Verse.mp3 */ = {isa = PBXFileReference; lastKnownFileType = audio.mp3; path = "StayTogether-Verse.mp3"; sourceTree = "<group>"; };
/* End PBXFileReference section */

/* Begin PBXFrameworksBuildPhase section */
		0A82E3391D535FF000D6826F /* Frameworks */ = {
			isa = PBXFrameworksBuildPhase;
			buildActionMask = 2147483647;
			files = (
			);
			runOnlyForDeploymentPostprocessing = 0;
		};
/* End PBXFrameworksBuildPhase section */

/* Begin PBXGroup section */
		0A5B0E6B1D64FD3A00AEBD86 /* Misery Business */ = {
			isa = PBXGroup;
			children = (
				0A5B0E691D64FD3500AEBD86 /* Misery-Intro.mp3 */,
			);
			name = "Misery Business";
			sourceTree = "<group>";
		};
		0A82E3331D535FF000D6826F = {
			isa = PBXGroup;
			children = (
				0A82E3551D538EE500D6826F /* Samples */,
				0A82E33E1D535FF000D6826F /* CarsonDaily */,
				0A82E33D1D535FF000D6826F /* Products */,
			);
			sourceTree = "<group>";
		};
		0A82E33D1D535FF000D6826F /* Products */ = {
			isa = PBXGroup;
			children = (
				0A82E33C1D535FF000D6826F /* TheCarsonSampler.app */,
			);
			name = Products;
			sourceTree = "<group>";
		};
		0A82E33E1D535FF000D6826F /* CarsonDaily */ = {
			isa = PBXGroup;
			children = (
				0A82E3591D538F9000D6826F /* Classes */,
				0A82E3461D535FF000D6826F /* Assets.xcassets */,
				0A82E34B1D535FF000D6826F /* Info.plist */,
				0A82E3481D535FF000D6826F /* LaunchScreen.storyboard */,
				0A82E3431D535FF000D6826F /* Main.storyboard */,
				0A82E35A1D53901900D6826F /* Samples.plist */,
			);
			path = CarsonDaily;
			sourceTree = "<group>";
		};
		0A82E3551D538EE500D6826F /* Samples */ = {
			isa = PBXGroup;
			children = (
				0A82E3561D538EEF00D6826F /* Faint */,
				0A5B0E6B1D64FD3A00AEBD86 /* Misery Business */,
				0AC654A31D5978A700F63B83 /* Stay Together */,
			);
			name = Samples;
			sourceTree = "<group>";
		};
		0A82E3561D538EEF00D6826F /* Faint */ = {
			isa = PBXGroup;
			children = (
				0A82E3611D53F13800D6826F /* Faint-Breakdown.mp3 */,
				0A82E3571D538F6200D6826F /* Faint-Intro.mp3 */,
				0A82E3621D53F13800D6826F /* Faint-Verse.mp3 */,
			);
			name = Faint;
			sourceTree = "<group>";
		};
		0A82E3591D538F9000D6826F /* Classes */ = {
			isa = PBXGroup;
			children = (
				0A82E33F1D535FF000D6826F /* AppDelegate.swift */,
				0A82E3411D535FF000D6826F /* ViewController.swift */,
				0A82E35F1D53CDCB00D6826F /* Sample.swift */,
				0A82E3511D53874F00D6826F /* SampleCell.swift */,
				0A82E3531D5387D900D6826F /* SampleViewController.swift */,
				0A82E35C1D5390ED00D6826F /* TableViewController.swift */,
			);
			name = Classes;
			sourceTree = "<group>";
		};
		0AC654A31D5978A700F63B83 /* Stay Together */ = {
			isa = PBXGroup;
			children = (
				0AC654A11D59789400F63B83 /* StayTogether-Verse.mp3 */,
			);
			name = "Stay Together";
			sourceTree = "<group>";
		};
/* End PBXGroup section */

/* Begin PBXNativeTarget section */
		0A82E33B1D535FF000D6826F /* TheCarsonSampler */ = {
			isa = PBXNativeTarget;
			buildConfigurationList = 0A82E34E1D535FF000D6826F /* Build configuration list for PBXNativeTarget "TheCarsonSampler" */;
			buildPhases = (
				0A82E3381D535FF000D6826F /* Sources */,
				0A82E3391D535FF000D6826F /* Frameworks */,
				0A82E33A1D535FF000D6826F /* Resources */,
			);
			buildRules = (
			);
			dependencies = (
			);
			name = TheCarsonSampler;
			productName = CarsonDaily;
			productReference = 0A82E33C1D535FF000D6826F /* TheCarsonSampler.app */;
			productType = "com.apple.product-type.application";
		};
/* End PBXNativeTarget section */

/* Begin PBXProject section */
		0A82E3341D535FF000D6826F /* Project object */ = {
			isa = PBXProject;
			attributes = {
				LastSwiftUpdateCheck = 0730;
				LastUpgradeCheck = 0730;
				ORGANIZATIONNAME = "Translate Abroad";
				TargetAttributes = {
					0A82E33B1D535FF000D6826F = {
						CreatedOnToolsVersion = 7.3.1;
						DevelopmentTeam = ND6V86PB7N;
					};
				};
			};
			buildConfigurationList = 0A82E3371D535FF000D6826F /* Build configuration list for PBXProject "TheCarsonSampler" */;
			compatibilityVersion = "Xcode 3.2";
			developmentRegion = English;
			hasScannedForEncodings = 0;
			knownRegions = (
				en,
				Base,
			);
			mainGroup = 0A82E3331D535FF000D6826F;
			productRefGroup = 0A82E33D1D535FF000D6826F /* Products */;
			projectDirPath = "";
			projectRoot = "";
			targets = (
				0A82E33B1D535FF000D6826F /* TheCarsonSampler */,
			);
		};
/* End PBXProject section */

/* Begin PBXResourcesBuildPhase section */
		0A82E33A1D535FF000D6826F /* Resources */ = {
			isa = PBXResourcesBuildPhase;
			buildActionMask = 2147483647;
			files = (
				0A82E3581D538F6200D6826F /* Faint-Intro.mp3 in Resources */,
				0AC654A21D59789400F63B83 /* StayTogether-Verse.mp3 in Resources */,
				0A82E3631D53F13800D6826F /* Faint-Breakdown.mp3 in Resources */,
				0A5B0E6A1D64FD3500AEBD86 /* Misery-Intro.mp3 in Resources */,
				0A82E34A1D535FF000D6826F /* LaunchScreen.storyboard in Resources */,
				0A82E3641D53F13800D6826F /* Faint-Verse.mp3 in Resources */,
				0A82E3471D535FF000D6826F /* Assets.xcassets in Resources */,
				0A82E35B1D53901900D6826F /* Samples.plist in Resources */,
				0A82E3451D535FF000D6826F /* Main.storyboard in Resources */,
			);
			runOnlyForDeploymentPostprocessing = 0;
		};
/* End PBXResourcesBuildPhase section */

/* Begin PBXSourcesBuildPhase section */
		0A82E3381D535FF000D6826F /* Sources */ = {
			isa = PBXSourcesBuildPhase;
			buildActionMask = 2147483647;
			files = (
				0A82E3421D535FF000D6826F /* ViewController.swift in Sources */,
				0A82E3601D53CDCB00D6826F /* Sample.swift in Sources */,
				0A82E3401D535FF000D6826F /* AppDelegate.swift in Sources */,
				0A82E3541D5387D900D6826F /* SampleViewController.swift in Sources */,
				0A82E35D1D5390ED00D6826F /* TableViewController.swift in Sources */,
				0A82E3521D53874F00D6826F /* SampleCell.swift in Sources */,
			);
			runOnlyForDeploymentPostprocessing = 0;
		};
/* End PBXSourcesBuildPhase section */

/* Begin PBXVariantGroup section */
		0A82E3431D535FF000D6826F /* Main.storyboard */ = {
			isa = PBXVariantGroup;
			children = (
				0A82E3441D535FF000D6826F /* Base */,
			);
			name = Main.storyboard;
			sourceTree = "<group>";
		};
		0A82E3481D535FF000D6826F /* LaunchScreen.storyboard */ = {
			isa = PBXVariantGroup;
			children = (
				0A82E3491D535FF000D6826F /* Base */,
			);
			name = LaunchScreen.storyboard;
			sourceTree = "<group>";
		};
/* End PBXVariantGroup section */

/* Begin XCBuildConfiguration section */
		0A82E34C1D535FF000D6826F /* Debug */ = {
			isa = XCBuildConfiguration;
			buildSettings = {
				ALWAYS_SEARCH_USER_PATHS = NO;
				CLANG_ANALYZER_NONNULL = YES;
				CLANG_CXX_LANGUAGE_STANDARD = "gnu++0x";
				CLANG_CXX_LIBRARY = "libc++";
				CLANG_ENABLE_MODULES = YES;
				CLANG_ENABLE_OBJC_ARC = YES;
				CLANG_WARN_BOOL_CONVERSION = YES;
				CLANG_WARN_CONSTANT_CONVERSION = YES;
				CLANG_WARN_DIRECT_OBJC_ISA_USAGE = YES_ERROR;
				CLANG_WARN_EMPTY_BODY = YES;
				CLANG_WARN_ENUM_CONVERSION = YES;
				CLANG_WARN_INT_CONVERSION = YES;
				CLANG_WARN_OBJC_ROOT_CLASS = YES_ERROR;
				CLANG_WARN_UNREACHABLE_CODE = YES;
				CLANG_WARN__DUPLICATE_METHOD_MATCH = YES;
				"CODE_SIGN_IDENTITY[sdk=iphoneos*]" = "iPhone Developer";
				COPY_PHASE_STRIP = NO;
				DEBUG_INFORMATION_FORMAT = dwarf;
				ENABLE_STRICT_OBJC_MSGSEND = YES;
				ENABLE_TESTABILITY = YES;
				GCC_C_LANGUAGE_STANDARD = gnu99;
				GCC_DYNAMIC_NO_PIC = NO;
				GCC_NO_COMMON_BLOCKS = YES;
				GCC_OPTIMIZATION_LEVEL = 0;
				GCC_PREPROCESSOR_DEFINITIONS = (
					"DEBUG=1",
					"$(inherited)",
				);
				GCC_WARN_64_TO_32_BIT_CONVERSION = YES;
				GCC_WARN_ABOUT_RETURN_TYPE = YES_ERROR;
				GCC_WARN_UNDECLARED_SELECTOR = YES;
				GCC_WARN_UNINITIALIZED_AUTOS = YES_AGGRESSIVE;
				GCC_WARN_UNUSED_FUNCTION = YES;
				GCC_WARN_UNUSED_VARIABLE = YES;
				IPHONEOS_DEPLOYMENT_TARGET = 9.3;
				MTL_ENABLE_DEBUG_INFO = YES;
				ONLY_ACTIVE_ARCH = YES;
				SDKROOT = iphoneos;
				SWIFT_OPTIMIZATION_LEVEL = "-Onone";
			};
			name = Debug;
		};
		0A82E34D1D535FF000D6826F /* Release */ = {
			isa = XCBuildConfiguration;
			buildSettings = {
				ALWAYS_SEARCH_USER_PATHS = NO;
				CLANG_ANALYZER_NONNULL = YES;
				CLANG_CXX_LANGUAGE_STANDARD = "gnu++0x";
				CLANG_CXX_LIBRARY = "libc++";
				CLANG_ENABLE_MODULES = YES;
				CLANG_ENABLE_OBJC_ARC = YES;
				CLANG_WARN_BOOL_CONVERSION = YES;
				CLANG_WARN_CONSTANT_CONVERSION = YES;
				CLANG_WARN_DIRECT_OBJC_ISA_USAGE = YES_ERROR;
				CLANG_WARN_EMPTY_BODY = YES;
				CLANG_WARN_ENUM_CONVERSION = YES;
				CLANG_WARN_INT_CONVERSION = YES;
				CLANG_WARN_OBJC_ROOT_CLASS = YES_ERROR;
				CLANG_WARN_UNREACHABLE_CODE = YES;
				CLANG_WARN__DUPLICATE_METHOD_MATCH = YES;
				"CODE_SIGN_IDENTITY[sdk=iphoneos*]" = "iPhone Developer";
				COPY_PHASE_STRIP = NO;
				DEBUG_INFORMATION_FORMAT = "dwarf-with-dsym";
				ENABLE_NS_ASSERTIONS = NO;
				ENABLE_STRICT_OBJC_MSGSEND = YES;
				GCC_C_LANGUAGE_STANDARD = gnu99;
				GCC_NO_COMMON_BLOCKS = YES;
				GCC_WARN_64_TO_32_BIT_CONVERSION = YES;
				GCC_WARN_ABOUT_RETURN_TYPE = YES_ERROR;
				GCC_WARN_UNDECLARED_SELECTOR = YES;
				GCC_WARN_UNINITIALIZED_AUTOS = YES_AGGRESSIVE;
				GCC_WARN_UNUSED_FUNCTION = YES;
				GCC_WARN_UNUSED_VARIABLE = YES;
				IPHONEOS_DEPLOYMENT_TARGET = 9.3;
				MTL_ENABLE_DEBUG_INFO = NO;
				SDKROOT = iphoneos;
				VALIDATE_PRODUCT = YES;
			};
			name = Release;
		};
		0A82E34F1D535FF000D6826F /* Debug */ = {
			isa = XCBuildConfiguration;
			buildSettings = {
				ASSETCATALOG_COMPILER_APPICON_NAME = AppIcon;
				CODE_SIGN_IDENTITY = "iPhone Developer";
				INFOPLIST_FILE = CarsonDaily/Info.plist;
				IPHONEOS_DEPLOYMENT_TARGET = 9.0;
				LD_RUNPATH_SEARCH_PATHS = "$(inherited) @executable_path/Frameworks";
				PRODUCT_BUNDLE_IDENTIFIER = com.translateabroad.CarsonSampler;
				PRODUCT_NAME = TheCarsonSampler;
			};
			name = Debug;
		};
		0A82E3501D535FF000D6826F /* Release */ = {
			isa = XCBuildConfiguration;
			buildSettings = {
				ASSETCATALOG_COMPILER_APPICON_NAME = AppIcon;
				CODE_SIGN_IDENTITY = "iPhone Developer";
				INFOPLIST_FILE = CarsonDaily/Info.plist;
				IPHONEOS_DEPLOYMENT_TARGET = 9.0;
				LD_RUNPATH_SEARCH_PATHS = "$(inherited) @executable_path/Frameworks";
				PRODUCT_BUNDLE_IDENTIFIER = com.translateabroad.CarsonSampler;
				PRODUCT_NAME = TheCarsonSampler;
			};
			name = Release;
		};
/* End XCBuildConfiguration section */

/* Begin XCConfigurationList section */
		0A82E3371D535FF000D6826F /* Build configuration list for PBXProject "TheCarsonSampler" */ = {
			isa = XCConfigurationList;
			buildConfigurations = (
				0A82E34C1D535FF000D6826F /* Debug */,
				0A82E34D1D535FF000D6826F /* Release */,
			);
			defaultConfigurationIsVisible = 0;
			defaultConfigurationName = Release;
		};
		0A82E34E1D535FF000D6826F /* Build configuration list for PBXNativeTarget "TheCarsonSampler" */ = {
			isa = XCConfigurationList;
			buildConfigurations = (
				0A82E34F1D535FF000D6826F /* Debug */,
				0A82E3501D535FF000D6826F /* Release */,
			);
			defaultConfigurationIsVisible = 0;
			defaultConfigurationName = Release;
		};
/* End XCConfigurationList section */
	};
	rootObject = 0A82E3341D535FF000D6826F /* Project object */;
}
